
Microsoft Visual Studio Solution File, Format Version 12.00
# Visual Studio Version 16
VisualStudioVersion = 16.0.30413.136
MinimumVisualStudioVersion = 10.0.40219.1
Project("{9A19103F-16F7-4668-BE54-9A1E7A4F7556}") = "ASP.NetReact", "ASP.NetReact.csproj", "{06895BFD-754C-406C-882D-3F2A032CE1C9}"
EndProject
Global
	GlobalSection(SolutionConfigurationPlatforms) = preSolution
		Debug|Any CPU = Debug|Any CPU
		Release|Any CPU = Release|Any CPU
	EndGlobalSection
	GlobalSection(ProjectConfigurationPlatforms) = postSolution
		{06895BFD-754C-406C-882D-3F2A032CE1C9}.Debug|Any CPU.ActiveCfg = Debug|Any CPU
		{06895BFD-754C-406C-882D-3F2A032CE1C9}.Debug|Any CPU.Build.0 = Debug|Any CPU
		{06895BFD-754C-406C-882D-3F2A032CE1C9}.Release|Any CPU.ActiveCfg = Release|Any CPU
		{06895BFD-754C-406C-882D-3F2A032CE1C9}.Release|Any CPU.Build.0 = Release|Any CPU
	EndGlobalSection
	GlobalSection(SolutionProperties) = preSolution
		HideSolutionNode = FALSE
	EndGlobalSection
	GlobalSection(ExtensibilityGlobals) = postSolution
		SolutionGuid = {9985D1CD-B91A-42DD-9AED-5010ECA4CB64}
	EndGlobalSection
EndGlobal
